
Microsoft Visual Studio Solution File, Format Version 12.00
# Visual Studio Version 17
VisualStudioVersion = 17.4.33122.133
MinimumVisualStudioVersion = 10.0.40219.1
Project("{FAE04EC0-301F-11D3-BF4B-00C04F79EFBC}") = "幻兽帕鲁配置一键生成", "幻兽帕鲁配置一键生成.csproj", "{66B8FE3E-2B68-4ED7-8C8C-D81B79A967E3}"
EndProject
Global
	GlobalSection(SolutionConfigurationPlatforms) = preSolution
		Debug|Any CPU = Debug|Any CPU
		Release|Any CPU = Release|Any CPU
	EndGlobalSection
	GlobalSection(ProjectConfigurationPlatforms) = postSolution
		{66B8FE3E-2B68-4ED7-8C8C-D81B79A967E3}.Debug|Any CPU.ActiveCfg = Debug|Any CPU
		{66B8FE3E-2B68-4ED7-8C8C-D81B79A967E3}.Debug|Any CPU.Build.0 = Debug|Any CPU
		{66B8FE3E-2B68-4ED7-8C8C-D81B79A967E3}.Release|Any CPU.ActiveCfg = Release|Any CPU
		{66B8FE3E-2B68-4ED7-8C8C-D81B79A967E3}.Release|Any CPU.Build.0 = Release|Any CPU
	EndGlobalSection
	GlobalSection(SolutionProperties) = preSolution
		HideSolutionNode = FALSE
	EndGlobalSection
	GlobalSection(ExtensibilityGlobals) = postSolution
		SolutionGuid = {E54D2E52-A218-4972-B73E-6671EFE1F5AB}
	EndGlobalSection
EndGlobal
